// !$*UTF8*$!
{
	archiveVersion = 1;
	classes = {
	};
	objectVersion = 56;
	objects = {

/* Begin PBXBuildFile section */
		23821F9F2A8F072B00DC48A7 /* ZetizenNewsApp.swift in Sources */ = {isa = PBXBuildFile; fileRef = 23821F9E2A8F072B00DC48A7 /* ZetizenNewsApp.swift */; };
		23821FA12A8F072B00DC48A7 /* ContentView.swift in Sources */ = {isa = PBXBuildFile; fileRef = 23821FA02A8F072B00DC48A7 /* ContentView.swift */; };
		23821FA32A8F072C00DC48A7 /* Assets.xcassets in Resources */ = {isa = PBXBuildFile; fileRef = 23821FA22A8F072C00DC48A7 /* Assets.xcassets */; };
		23821FA62A8F072C00DC48A7 /* Preview Assets.xcassets in Resources */ = {isa = PBXBuildFile; fileRef = 23821FA52A8F072C00DC48A7 /* Preview Assets.xcassets */; };
		23821FAE2A8F081100DC48A7 /* NewsViewModel.swift in Sources */ = {isa = PBXBuildFile; fileRef = 23821FAD2A8F081100DC48A7 /* NewsViewModel.swift */; };
		23821FB12A8F086100DC48A7 /* ZetizenNews.swift in Sources */ = {isa = PBXBuildFile; fileRef = 23821FB02A8F086100DC48A7 /* ZetizenNews.swift */; };
		23821FB42A8F0B3900DC48A7 /* StringDateFormatter.swift in Sources */ = {isa = PBXBuildFile; fileRef = 23821FB32A8F0B3900DC48A7 /* StringDateFormatter.swift */; };
		23821FDD2A8F550500DC48A7 /* NewsCellView.swift in Sources */ = {isa = PBXBuildFile; fileRef = 23821FDC2A8F550500DC48A7 /* NewsCellView.swift */; };
		23BD63F92A91E5FA007805C7 /* NewsListView.swift in Sources */ = {isa = PBXBuildFile; fileRef = 23BD63F82A91E5FA007805C7 /* NewsListView.swift */; };
		23BD63FB2A91EB07007805C7 /* NewsDetailView.swift in Sources */ = {isa = PBXBuildFile; fileRef = 23BD63FA2A91EB07007805C7 /* NewsDetailView.swift */; };
		23BD63FD2A91FA9A007805C7 /* CategoriesView.swift in Sources */ = {isa = PBXBuildFile; fileRef = 23BD63FC2A91FA9A007805C7 /* CategoriesView.swift */; };
		23BD63FF2A91FCF3007805C7 /* SearchView.swift in Sources */ = {isa = PBXBuildFile; fileRef = 23BD63FE2A91FCF3007805C7 /* SearchView.swift */; };
		23BD64012A9204BE007805C7 /* FavoriteView.swift in Sources */ = {isa = PBXBuildFile; fileRef = 23BD64002A9204BE007805C7 /* FavoriteView.swift */; };
		23BD64A32A931312007805C7 /* FavoriteManager.swift in Sources */ = {isa = PBXBuildFile; fileRef = 23BD64A22A931312007805C7 /* FavoriteManager.swift */; };
		23BD64A72A931EF8007805C7 /* FavoriteCellView.swift in Sources */ = {isa = PBXBuildFile; fileRef = 23BD64A62A931EF8007805C7 /* FavoriteCellView.swift */; };
		23BD64A92A932151007805C7 /* FavoriteDetailView.swift in Sources */ = {isa = PBXBuildFile; fileRef = 23BD64A82A932151007805C7 /* FavoriteDetailView.swift */; };
/* End PBXBuildFile section */

/* Begin PBXFileReference section */
		23821F9B2A8F072B00DC48A7 /* ZetizenNews.app */ = {isa = PBXFileReference; explicitFileType = wrapper.application; includeInIndex = 0; path = ZetizenNews.app; sourceTree = BUILT_PRODUCTS_DIR; };
		23821F9E2A8F072B00DC48A7 /* ZetizenNewsApp.swift */ = {isa = PBXFileReference; lastKnownFileType = sourcecode.swift; path = ZetizenNewsApp.swift; sourceTree = "<group>"; };
		23821FA02A8F072B00DC48A7 /* ContentView.swift */ = {isa = PBXFileReference; lastKnownFileType = sourcecode.swift; path = ContentView.swift; sourceTree = "<group>"; };
		23821FA22A8F072C00DC48A7 /* Assets.xcassets */ = {isa = PBXFileReference; lastKnownFileType = folder.assetcatalog; path = Assets.xcassets; sourceTree = "<group>"; };
		23821FA52A8F072C00DC48A7 /* Preview Assets.xcassets */ = {isa = PBXFileReference; lastKnownFileType = folder.assetcatalog; path = "Preview Assets.xcassets"; sourceTree = "<group>"; };
		23821FAD2A8F081100DC48A7 /* NewsViewModel.swift */ = {isa = PBXFileReference; lastKnownFileType = sourcecode.swift; path = NewsViewModel.swift; sourceTree = "<group>"; };
		23821FB02A8F086100DC48A7 /* ZetizenNews.swift */ = {isa = PBXFileReference; lastKnownFileType = sourcecode.swift; path = ZetizenNews.swift; sourceTree = "<group>"; };
		23821FB32A8F0B3900DC48A7 /* StringDateFormatter.swift */ = {isa = PBXFileReference; lastKnownFileType = sourcecode.swift; path = StringDateFormatter.swift; sourceTree = "<group>"; };
		23821FDC2A8F550500DC48A7 /* NewsCellView.swift */ = {isa = PBXFileReference; lastKnownFileType = sourcecode.swift; path = NewsCellView.swift; sourceTree = "<group>"; };
		23BD63F82A91E5FA007805C7 /* NewsListView.swift */ = {isa = PBXFileReference; lastKnownFileType = sourcecode.swift; path = NewsListView.swift; sourceTree = "<group>"; };
		23BD63FA2A91EB07007805C7 /* NewsDetailView.swift */ = {isa = PBXFileReference; lastKnownFileType = sourcecode.swift; path = NewsDetailView.swift; sourceTree = "<group>"; };
		23BD63FC2A91FA9A007805C7 /* CategoriesView.swift */ = {isa = PBXFileReference; lastKnownFileType = sourcecode.swift; path = CategoriesView.swift; sourceTree = "<group>"; };
		23BD63FE2A91FCF3007805C7 /* SearchView.swift */ = {isa = PBXFileReference; lastKnownFileType = sourcecode.swift; path = SearchView.swift; sourceTree = "<group>"; };
		23BD64002A9204BE007805C7 /* FavoriteView.swift */ = {isa = PBXFileReference; lastKnownFileType = sourcecode.swift; path = FavoriteView.swift; sourceTree = "<group>"; };
		23BD64A22A931312007805C7 /* FavoriteManager.swift */ = {isa = PBXFileReference; lastKnownFileType = sourcecode.swift; path = FavoriteManager.swift; sourceTree = "<group>"; };
		23BD64A62A931EF8007805C7 /* FavoriteCellView.swift */ = {isa = PBXFileReference; lastKnownFileType = sourcecode.swift; path = FavoriteCellView.swift; sourceTree = "<group>"; };
		23BD64A82A932151007805C7 /* FavoriteDetailView.swift */ = {isa = PBXFileReference; lastKnownFileType = sourcecode.swift; path = FavoriteDetailView.swift; sourceTree = "<group>"; };
/* End PBXFileReference section */

/* Begin PBXFrameworksBuildPhase section */
		23821F982A8F072B00DC48A7 /* Frameworks */ = {
			isa = PBXFrameworksBuildPhase;
			buildActionMask = 2147483647;
			files = (
			);
			runOnlyForDeploymentPostprocessing = 0;
		};
/* End PBXFrameworksBuildPhase section */

/* Begin PBXGroup section */
		23821F922A8F072B00DC48A7 = {
			isa = PBXGroup;
			children = (
				23821F9D2A8F072B00DC48A7 /* ZetizenNews */,
				23821F9C2A8F072B00DC48A7 /* Products */,
			);
			sourceTree = "<group>";
		};
		23821F9C2A8F072B00DC48A7 /* Products */ = {
			isa = PBXGroup;
			children = (
				23821F9B2A8F072B00DC48A7 /* ZetizenNews.app */,
			);
			name = Products;
			sourceTree = "<group>";
		};
		23821F9D2A8F072B00DC48A7 /* ZetizenNews */ = {
			isa = PBXGroup;
			children = (
				23821FB52A8F0C1C00DC48A7 /* Views */,
				23821FB22A8F0B2300DC48A7 /* Extenstions */,
				23821FAF2A8F085000DC48A7 /* Models */,
				23821FAC2A8F07F700DC48A7 /* ViewModel */,
				23821F9E2A8F072B00DC48A7 /* ZetizenNewsApp.swift */,
				23821FA02A8F072B00DC48A7 /* ContentView.swift */,
				23821FA22A8F072C00DC48A7 /* Assets.xcassets */,
				23821FA42A8F072C00DC48A7 /* Preview Content */,
			);
			path = ZetizenNews;
			sourceTree = "<group>";
		};
		23821FA42A8F072C00DC48A7 /* Preview Content */ = {
			isa = PBXGroup;
			children = (
				23821FA52A8F072C00DC48A7 /* Preview Assets.xcassets */,
			);
			path = "Preview Content";
			sourceTree = "<group>";
		};
		23821FAC2A8F07F700DC48A7 /* ViewModel */ = {
			isa = PBXGroup;
			children = (
				23BD64A22A931312007805C7 /* FavoriteManager.swift */,
				23821FAD2A8F081100DC48A7 /* NewsViewModel.swift */,
			);
			path = ViewModel;
			sourceTree = "<group>";
		};
		23821FAF2A8F085000DC48A7 /* Models */ = {
			isa = PBXGroup;
			children = (
				23821FB02A8F086100DC48A7 /* ZetizenNews.swift */,
			);
			path = Models;
			sourceTree = "<group>";
		};
		23821FB22A8F0B2300DC48A7 /* Extenstions */ = {
			isa = PBXGroup;
			children = (
				23821FB32A8F0B3900DC48A7 /* StringDateFormatter.swift */,
			);
			path = Extenstions;
			sourceTree = "<group>";
		};
		23821FB52A8F0C1C00DC48A7 /* Views */ = {
			isa = PBXGroup;
			children = (
				23821FDC2A8F550500DC48A7 /* NewsCellView.swift */,
				23BD63F82A91E5FA007805C7 /* NewsListView.swift */,
				23BD63FA2A91EB07007805C7 /* NewsDetailView.swift */,
				23BD63FC2A91FA9A007805C7 /* CategoriesView.swift */,
				23BD63FE2A91FCF3007805C7 /* SearchView.swift */,
				23BD64002A9204BE007805C7 /* FavoriteView.swift */,
				23BD64A62A931EF8007805C7 /* FavoriteCellView.swift */,
				23BD64A82A932151007805C7 /* FavoriteDetailView.swift */,
			);
			path = Views;
			sourceTree = "<group>";
		};
/* End PBXGroup section */

/* Begin PBXNativeTarget section */
		23821F9A2A8F072B00DC48A7 /* ZetizenNews */ = {
			isa = PBXNativeTarget;
			buildConfigurationList = 23821FA92A8F072C00DC48A7 /* Build configuration list for PBXNativeTarget "ZetizenNews" */;
			buildPhases = (
				23821F972A8F072B00DC48A7 /* Sources */,
				23821F982A8F072B00DC48A7 /* Frameworks */,
				23821F992A8F072B00DC48A7 /* Resources */,
			);
			buildRules = (
			);
			dependencies = (
			);
			name = ZetizenNews;
			productName = ZetizenNews;
			productReference = 23821F9B2A8F072B00DC48A7 /* ZetizenNews.app */;
			productType = "com.apple.product-type.application";
		};
/* End PBXNativeTarget section */

/* Begin PBXProject section */
		23821F932A8F072B00DC48A7 /* Project object */ = {
			isa = PBXProject;
			attributes = {
				BuildIndependentTargetsInParallel = 1;
				LastSwiftUpdateCheck = 1420;
				LastUpgradeCheck = 1420;
				TargetAttributes = {
					23821F9A2A8F072B00DC48A7 = {
						CreatedOnToolsVersion = 14.2;
					};
				};
			};
			buildConfigurationList = 23821F962A8F072B00DC48A7 /* Build configuration list for PBXProject "ZetizenNews" */;
			compatibilityVersion = "Xcode 14.0";
			developmentRegion = en;
			hasScannedForEncodings = 0;
			knownRegions = (
				en,
				Base,
			);
			mainGroup = 23821F922A8F072B00DC48A7;
			productRefGroup = 23821F9C2A8F072B00DC48A7 /* Products */;
			projectDirPath = "";
			projectRoot = "";
			targets = (
				23821F9A2A8F072B00DC48A7 /* ZetizenNews */,
			);
		};
/* End PBXProject section */

/* Begin PBXResourcesBuildPhase section */
		23821F992A8F072B00DC48A7 /* Resources */ = {
			isa = PBXResourcesBuildPhase;
			buildActionMask = 2147483647;
			files = (
				23821FA62A8F072C00DC48A7 /* Preview Assets.xcassets in Resources */,
				23821FA32A8F072C00DC48A7 /* Assets.xcassets in Resources */,
			);
			runOnlyForDeploymentPostprocessing = 0;
		};
/* End PBXResourcesBuildPhase section */

/* Begin PBXSourcesBuildPhase section */
		23821F972A8F072B00DC48A7 /* Sources */ = {
			isa = PBXSourcesBuildPhase;
			buildActionMask = 2147483647;
			files = (
				23BD64A92A932151007805C7 /* FavoriteDetailView.swift in Sources */,
				23BD64012A9204BE007805C7 /* FavoriteView.swift in Sources */,
				23BD63FF2A91FCF3007805C7 /* SearchView.swift in Sources */,
				23821FAE2A8F081100DC48A7 /* NewsViewModel.swift in Sources */,
				23821FA12A8F072B00DC48A7 /* ContentView.swift in Sources */,
				23BD64A32A931312007805C7 /* FavoriteManager.swift in Sources */,
				23BD63FB2A91EB07007805C7 /* NewsDetailView.swift in Sources */,
				23821FB12A8F086100DC48A7 /* ZetizenNews.swift in Sources */,
				23BD63F92A91E5FA007805C7 /* NewsListView.swift in Sources */,
				23BD64A72A931EF8007805C7 /* FavoriteCellView.swift in Sources */,
				23BD63FD2A91FA9A007805C7 /* CategoriesView.swift in Sources */,
				23821FDD2A8F550500DC48A7 /* NewsCellView.swift in Sources */,
				23821FB42A8F0B3900DC48A7 /* StringDateFormatter.swift in Sources */,
				23821F9F2A8F072B00DC48A7 /* ZetizenNewsApp.swift in Sources */,
			);
			runOnlyForDeploymentPostprocessing = 0;
		};
/* End PBXSourcesBuildPhase section */

/* Begin XCBuildConfiguration section */
		23821FA72A8F072C00DC48A7 /* Debug */ = {
			isa = XCBuildConfiguration;
			buildSettings = {
				ALWAYS_SEARCH_USER_PATHS = NO;
				CLANG_ANALYZER_NONNULL = YES;
				CLANG_ANALYZER_NUMBER_OBJECT_CONVERSION = YES_AGGRESSIVE;
				CLANG_CXX_LANGUAGE_STANDARD = "gnu++20";
				CLANG_ENABLE_MODULES = YES;
				CLANG_ENABLE_OBJC_ARC = YES;
				CLANG_ENABLE_OBJC_WEAK = YES;
				CLANG_WARN_BLOCK_CAPTURE_AUTORELEASING = YES;
				CLANG_WARN_BOOL_CONVERSION = YES;
				CLANG_WARN_COMMA = YES;
				CLANG_WARN_CONSTANT_CONVERSION = YES;
				CLANG_WARN_DEPRECATED_OBJC_IMPLEMENTATIONS = YES;
				CLANG_WARN_DIRECT_OBJC_ISA_USAGE = YES_ERROR;
				CLANG_WARN_DOCUMENTATION_COMMENTS = YES;
				CLANG_WARN_EMPTY_BODY = YES;
				CLANG_WARN_ENUM_CONVERSION = YES;
				CLANG_WARN_INFINITE_RECURSION = YES;
				CLANG_WARN_INT_CONVERSION = YES;
				CLANG_WARN_NON_LITERAL_NULL_CONVERSION = YES;
				CLANG_WARN_OBJC_IMPLICIT_RETAIN_SELF = YES;
				CLANG_WARN_OBJC_LITERAL_CONVERSION = YES;
				CLANG_WARN_OBJC_ROOT_CLASS = YES_ERROR;
				CLANG_WARN_QUOTED_INCLUDE_IN_FRAMEWORK_HEADER = YES;
				CLANG_WARN_RANGE_LOOP_ANALYSIS = YES;
				CLANG_WARN_STRICT_PROTOTYPES = YES;
				CLANG_WARN_SUSPICIOUS_MOVE = YES;
				CLANG_WARN_UNGUARDED_AVAILABILITY = YES_AGGRESSIVE;
				CLANG_WARN_UNREACHABLE_CODE = YES;
				CLANG_WARN__DUPLICATE_METHOD_MATCH = YES;
				COPY_PHASE_STRIP = NO;
				DEBUG_INFORMATION_FORMAT = dwarf;
				ENABLE_STRICT_OBJC_MSGSEND = YES;
				ENABLE_TESTABILITY = YES;
				GCC_C_LANGUAGE_STANDARD = gnu11;
				GCC_DYNAMIC_NO_PIC = NO;
				GCC_NO_COMMON_BLOCKS = YES;
				GCC_OPTIMIZATION_LEVEL = 0;
				GCC_PREPROCESSOR_DEFINITIONS = (
					"DEBUG=1",
					"$(inherited)",
				);
				GCC_WARN_64_TO_32_BIT_CONVERSION = YES;
				GCC_WARN_ABOUT_RETURN_TYPE = YES_ERROR;
				GCC_WARN_UNDECLARED_SELECTOR = YES;
				GCC_WARN_UNINITIALIZED_AUTOS = YES_AGGRESSIVE;
				GCC_WARN_UNUSED_FUNCTION = YES;
				GCC_WARN_UNUSED_VARIABLE = YES;
				IPHONEOS_DEPLOYMENT_TARGET = 16.2;
				MTL_ENABLE_DEBUG_INFO = INCLUDE_SOURCE;
				MTL_FAST_MATH = YES;
				ONLY_ACTIVE_ARCH = YES;
				SDKROOT = iphoneos;
				SWIFT_ACTIVE_COMPILATION_CONDITIONS = DEBUG;
				SWIFT_OPTIMIZATION_LEVEL = "-Onone";
			};
			name = Debug;
		};
		23821FA82A8F072C00DC48A7 /* Release */ = {
			isa = XCBuildConfiguration;
			buildSettings = {
				ALWAYS_SEARCH_USER_PATHS = NO;
				CLANG_ANALYZER_NONNULL = YES;
				CLANG_ANALYZER_NUMBER_OBJECT_CONVERSION = YES_AGGRESSIVE;
				CLANG_CXX_LANGUAGE_STANDARD = "gnu++20";
				CLANG_ENABLE_MODULES = YES;
				CLANG_ENABLE_OBJC_ARC = YES;
				CLANG_ENABLE_OBJC_WEAK = YES;
				CLANG_WARN_BLOCK_CAPTURE_AUTORELEASING = YES;
				CLANG_WARN_BOOL_CONVERSION = YES;
				CLANG_WARN_COMMA = YES;
				CLANG_WARN_CONSTANT_CONVERSION = YES;
				CLANG_WARN_DEPRECATED_OBJC_IMPLEMENTATIONS = YES;
				CLANG_WARN_DIRECT_OBJC_ISA_USAGE = YES_ERROR;
				CLANG_WARN_DOCUMENTATION_COMMENTS = YES;
				CLANG_WARN_EMPTY_BODY = YES;
				CLANG_WARN_ENUM_CONVERSION = YES;
				CLANG_WARN_INFINITE_RECURSION = YES;
				CLANG_WARN_INT_CONVERSION = YES;
				CLANG_WARN_NON_LITERAL_NULL_CONVERSION = YES;
				CLANG_WARN_OBJC_IMPLICIT_RETAIN_SELF = YES;
				CLANG_WARN_OBJC_LITERAL_CONVERSION = YES;
				CLANG_WARN_OBJC_ROOT_CLASS = YES_ERROR;
				CLANG_WARN_QUOTED_INCLUDE_IN_FRAMEWORK_HEADER = YES;
				CLANG_WARN_RANGE_LOOP_ANALYSIS = YES;
				CLANG_WARN_STRICT_PROTOTYPES = YES;
				CLANG_WARN_SUSPICIOUS_MOVE = YES;
				CLANG_WARN_UNGUARDED_AVAILABILITY = YES_AGGRESSIVE;
				CLANG_WARN_UNREACHABLE_CODE = YES;
				CLANG_WARN__DUPLICATE_METHOD_MATCH = YES;
				COPY_PHASE_STRIP = NO;
				DEBUG_INFORMATION_FORMAT = "dwarf-with-dsym";
				ENABLE_NS_ASSERTIONS = NO;
				ENABLE_STRICT_OBJC_MSGSEND = YES;
				GCC_C_LANGUAGE_STANDARD = gnu11;
				GCC_NO_COMMON_BLOCKS = YES;
				GCC_WARN_64_TO_32_BIT_CONVERSION = YES;
				GCC_WARN_ABOUT_RETURN_TYPE = YES_ERROR;
				GCC_WARN_UNDECLARED_SELECTOR = YES;
				GCC_WARN_UNINITIALIZED_AUTOS = YES_AGGRESSIVE;
				GCC_WARN_UNUSED_FUNCTION = YES;
				GCC_WARN_UNUSED_VARIABLE = YES;
				IPHONEOS_DEPLOYMENT_TARGET = 16.2;
				MTL_ENABLE_DEBUG_INFO = NO;
				MTL_FAST_MATH = YES;
				SDKROOT = iphoneos;
				SWIFT_COMPILATION_MODE = wholemodule;
				SWIFT_OPTIMIZATION_LEVEL = "-O";
				VALIDATE_PRODUCT = YES;
			};
			name = Release;
		};
		23821FAA2A8F072C00DC48A7 /* Debug */ = {
			isa = XCBuildConfiguration;
			buildSettings = {
				ASSETCATALOG_COMPILER_APPICON_NAME = AppIcon;
				ASSETCATALOG_COMPILER_GLOBAL_ACCENT_COLOR_NAME = AccentColor;
				CODE_SIGN_STYLE = Automatic;
				CURRENT_PROJECT_VERSION = 1;
				DEVELOPMENT_ASSET_PATHS = "\"ZetizenNews/Preview Content\"";
				ENABLE_PREVIEWS = YES;
				GENERATE_INFOPLIST_FILE = YES;
				INFOPLIST_KEY_UIApplicationSceneManifest_Generation = YES;
				INFOPLIST_KEY_UIApplicationSupportsIndirectInputEvents = YES;
				INFOPLIST_KEY_UILaunchScreen_Generation = YES;
				INFOPLIST_KEY_UISupportedInterfaceOrientations_iPad = "UIInterfaceOrientationPortrait UIInterfaceOrientationPortraitUpsideDown UIInterfaceOrientationLandscapeLeft UIInterfaceOrientationLandscapeRight";
				INFOPLIST_KEY_UISupportedInterfaceOrientations_iPhone = "UIInterfaceOrientationPortrait UIInterfaceOrientationLandscapeLeft UIInterfaceOrientationLandscapeRight";
				LD_RUNPATH_SEARCH_PATHS = (
					"$(inherited)",
					"@executable_path/Frameworks",
				);
				MARKETING_VERSION = 1.0;
				PRODUCT_BUNDLE_IDENTIFIER = com.tome.ZetizenNews;
				PRODUCT_NAME = "$(TARGET_NAME)";
				SWIFT_EMIT_LOC_STRINGS = YES;
				SWIFT_VERSION = 5.0;
				TARGETED_DEVICE_FAMILY = "1,2";
			};
			name = Debug;
		};
		23821FAB2A8F072C00DC48A7 /* Release */ = {
			isa = XCBuildConfiguration;
			buildSettings = {
				ASSETCATALOG_COMPILER_APPICON_NAME = AppIcon;
				ASSETCATALOG_COMPILER_GLOBAL_ACCENT_COLOR_NAME = AccentColor;
				CODE_SIGN_STYLE = Automatic;
				CURRENT_PROJECT_VERSION = 1;
				DEVELOPMENT_ASSET_PATHS = "\"ZetizenNews/Preview Content\"";
				ENABLE_PREVIEWS = YES;
				GENERATE_INFOPLIST_FILE = YES;
				INFOPLIST_KEY_UIApplicationSceneManifest_Generation = YES;
				INFOPLIST_KEY_UIApplicationSupportsIndirectInputEvents = YES;
				INFOPLIST_KEY_UILaunchScreen_Generation = YES;
				INFOPLIST_KEY_UISupportedInterfaceOrientations_iPad = "UIInterfaceOrientationPortrait UIInterfaceOrientationPortraitUpsideDown UIInterfaceOrientationLandscapeLeft UIInterfaceOrientationLandscapeRight";
				INFOPLIST_KEY_UISupportedInterfaceOrientations_iPhone = "UIInterfaceOrientationPortrait UIInterfaceOrientationLandscapeLeft UIInterfaceOrientationLandscapeRight";
				LD_RUNPATH_SEARCH_PATHS = (
					"$(inherited)",
					"@executable_path/Frameworks",
				);
				MARKETING_VERSION = 1.0;
				PRODUCT_BUNDLE_IDENTIFIER = com.tome.ZetizenNews;
				PRODUCT_NAME = "$(TARGET_NAME)";
				SWIFT_EMIT_LOC_STRINGS = YES;
				SWIFT_VERSION = 5.0;
				TARGETED_DEVICE_FAMILY = "1,2";
			};
			name = Release;
		};
/* End XCBuildConfiguration section */

/* Begin XCConfigurationList section */
		23821F962A8F072B00DC48A7 /* Build configuration list for PBXProject "ZetizenNews" */ = {
			isa = XCConfigurationList;
			buildConfigurations = (
				23821FA72A8F072C00DC48A7 /* Debug */,
				23821FA82A8F072C00DC48A7 /* Release */,
			);
			defaultConfigurationIsVisible = 0;
			defaultConfigurationName = Release;
		};
		23821FA92A8F072C00DC48A7 /* Build configuration list for PBXNativeTarget "ZetizenNews" */ = {
			isa = XCConfigurationList;
			buildConfigurations = (
				23821FAA2A8F072C00DC48A7 /* Debug */,
				23821FAB2A8F072C00DC48A7 /* Release */,
			);
			defaultConfigurationIsVisible = 0;
			defaultConfigurationName = Release;
		};
/* End XCConfigurationList section */
	};
	rootObject = 23821F932A8F072B00DC48A7 /* Project object */;
}
